GEM
  remote: https://rubygems.org/
  specs:
    addressable (2.9.0)
      public_suffix (>= 2.0.2, < 8.0)
    ast (2.4.3)
    base64 (0.3.0)
    bcp47_spec (0.2.1)
    bcrypt (3.1.22)
    bigdecimal (3.3.1)
    bond (0.5.1)
    builder (3.3.0)
    commonmarker (0.23.12)
    concurrent-ruby (1.3.6)
    connection_pool (2.5.5)
    crack (1.0.1)
      bigdecimal
      rexml
    date (3.5.1)
    diff-lcs (1.6.2)
    docile (1.4.1)
    domain_name (0.6.20240107)
    dotenv (2.8.1)
    ebnf (2.6.0)
      base64 (~> 0.2)
      htmlentities (~> 4.3)
      rdf (~> 3.3)
      scanf (~> 1.0)
      sxp (~> 2.0)
      unicode-types (~> 1.8)
    fair_champion_harvester (0.1.8)
      base64 (~> 0.3)
      connection_pool (~> 2.4, < 3.0)
      http (~> 6.0)
      json (~> 2.7)
      json-canonicalization (~> 1.0)
      jsonpath (~> 1.1)
      linkeddata (~> 3.1)
      multi_json (~> 1.15)
      nokogiri (= 1.18.10)
      parseconfig (~> 1.1)
      rdf-raptor (~> 3.2)
      rdf-vocab
      require_all (~> 3.0)
      rest-client (~> 2.1)
      triple_easy (~> 0.1.0)
      xml-simple (~> 1.1)
    faraday (1.10.5)
      faraday-em_http (~> 1.0)
      faraday-em_synchrony (~> 1.0)
      faraday-excon (~> 1.1)
      faraday-httpclient (~> 1.0)
      faraday-multipart (~> 1.0)
      faraday-net_http (~> 1.0)
      faraday-net_http_persistent (~> 1.0)
      faraday-patron (~> 1.0)
      faraday-rack (~> 1.0)
      faraday-retry (~> 1.0)
      ruby2_keywords (>= 0.0.4)
    faraday-cookie_jar (0.0.8)
      faraday (>= 0.8.0)
      http-cookie (>= 1.0.0)
    faraday-em_http (1.0.0)
    faraday-em_synchrony (1.0.1)
    faraday-encoding (0.0.6)
      faraday
    faraday-excon (1.1.0)
    faraday-http-cache (2.7.0)
      faraday (>= 0.8)
    faraday-httpclient (1.0.1)
    faraday-multipart (1.2.0)
      multipart-post (~> 2.0)
    faraday-net_http (1.0.2)
    faraday-net_http_persistent (1.2.0)
    faraday-patron (1.0.0)
    faraday-rack (1.0.0)
    faraday-retry (1.0.4)
    faraday_middleware (1.2.1)
      faraday (~> 1.0)
    fastimage (2.4.1)
    ffi (1.17.4-aarch64-linux-gnu)
    ffi (1.17.4-aarch64-linux-musl)
    ffi (1.17.4-arm-linux-gnu)
    ffi (1.17.4-arm-linux-musl)
    ffi (1.17.4-arm64-darwin)
    ffi (1.17.4-x86_64-darwin)
    ffi (1.17.4-x86_64-linux-gnu)
    ffi (1.17.4-x86_64-linux-musl)
    ftr_ruby (0.1.10)
      base64 (~> 0.3)
      connection_pool (~> 2.4, < 3.0)
      http (~> 6.0)
      json (~> 2.7)
      json-canonicalization (~> 1.0)
      jsonpath (~> 1.1)
      linkeddata (~> 3.1)
      multi_json (~> 1.5)
      nokogiri (= 1.18.10)
      parseconfig (~> 1.1)
      rdf-raptor (~> 3.2)
      rdf-vocab
      require_all (~> 3.0)
      rest-client (~> 2.1)
      safe_yaml
      triple_easy (~> 0.1.0)
      uri (~> 1.1)
      xml-simple (~> 1.1)
    haml (6.4.0)
      temple (>= 0.8.2)
      thor
      tilt
    hamster (3.0.0)
      concurrent-ruby (~> 1.0)
    hashdiff (1.2.1)
    htmlentities (4.4.2)
    http (6.0.3)
      http-cookie (~> 1.0)
      llhttp (~> 0.6.1)
    http-accept (1.7.0)
    http-cookie (1.1.6)
      domain_name (~> 0.5)
    io-console (0.8.2)
    json (2.7.6)
    json-canonicalization (1.0.0)
    json-ld (3.3.2)
      htmlentities (~> 4.3)
      json-canonicalization (~> 1.0)
      link_header (~> 0.0, >= 0.0.8)
      multi_json (~> 1.15)
      rack (>= 2.2, < 4)
      rdf (~> 3.3)
      rexml (~> 3.2)
    json-ld-preloaded (3.3.2)
      json-ld (~> 3.3)
      rdf (~> 3.3)
    jsonpath (1.1.5)
      multi_json
    language_server-protocol (3.17.0.5)
    ld-patch (3.3.1)
      ebnf (~> 2.6)
      rdf (~> 3.3)
      rdf-xsd (~> 3.3)
      sparql (~> 3.3)
      sxp (~> 2.0)
    link_header (0.0.8)
    linkeddata (3.2.2)
      json-ld (~> 3.2, >= 3.2.5)
      json-ld-preloaded (~> 3.2, >= 3.2.2)
      ld-patch (~> 3.2, >= 3.2.2)
      nokogiri (~> 1.13, >= 1.13.8)
      rdf (~> 3.2, >= 3.2.1)
      rdf-aggregate-repo (~> 3.2, >= 3.2.1)
      rdf-hamster-repo (~> 3.2, >= 3.2.1)
      rdf-isomorphic (~> 3.2, >= 3.2.1)
      rdf-json (~> 3.2)
      rdf-microdata (~> 3.2, >= 3.2.1)
      rdf-n3 (~> 3.2, >= 3.2.1)
      rdf-normalize (~> 0.6, >= 0.6.1)
      rdf-ordered-repo (~> 3.2, >= 3.2.1)
      rdf-rdfa (~> 3.2, >= 3.2.3)
      rdf-rdfxml (~> 3.2, >= 3.2.2)
      rdf-reasoner (~> 0.8)
      rdf-tabular (~> 3.2, >= 3.2.1)
      rdf-trig (~> 3.2)
      rdf-trix (~> 3.2)
      rdf-turtle (~> 3.2, >= 3.2.1)
      rdf-vocab (~> 3.2, >= 3.2.7)
      rdf-xsd (~> 3.2, >= 3.2.1)
      shacl (~> 0.3)
      shex (~> 0.7, >= 0.7.1)
      sparql (~> 3.2, >= 3.2.6)
      sparql-client (~> 3.2, >= 3.2.2)
      yaml-ld (~> 0.0)
    lint_roller (1.1.0)
    llhttp (0.6.1)
    logger (1.7.0)
    matrix (0.4.3)
    metainspector (5.11.2)
      addressable (~> 2.7)
      faraday (~> 1.4)
      faraday-cookie_jar (~> 0.0)
      faraday-encoding (~> 0.0)
      faraday-http-cache (~> 2.2)
      faraday_middleware (~> 1.0)
      fastimage (~> 2.2)
      nesty (~> 1.0)
      nokogiri (~> 1.11)
    mime-types (3.7.0)
      logger
      mime-types-data (~> 3.2025, >= 3.2025.0507)
    mime-types-data (3.2026.0414)
    multi_json (1.21.1)
    multipart-post (2.4.1)
    mustermann (2.0.2)
      ruby2_keywords (~> 0.0.1)
    nesty (1.0.2)
    net-http-persistent (4.0.8)
      connection_pool (>= 2.2.4, < 4)
    netrc (0.11.0)
    nio4r (2.7.5)
    nokogiri (1.18.10-aarch64-linux-gnu)
      racc (~> 1.4)
    nokogiri (1.18.10-aarch64-linux-musl)
      racc (~> 1.4)
    nokogiri (1.18.10-arm-linux-gnu)
      racc (~> 1.4)
    nokogiri (1.18.10-arm-linux-musl)
      racc (~> 1.4)
    nokogiri (1.18.10-arm64-darwin)
      racc (~> 1.4)
    nokogiri (1.18.10-x86_64-darwin)
      racc (~> 1.4)
    nokogiri (1.18.10-x86_64-linux-gnu)
      racc (~> 1.4)
    nokogiri (1.18.10-x86_64-linux-musl)
      racc (~> 1.4)
    openapi3_parser (0.9.2)
      commonmarker (~> 0.17)
    ostruct (0.6.3)
    parallel (1.28.0)
    parseconfig (1.1.2)
    parser (3.3.11.1)
      ast (~> 2.4.1)
      racc
    prism (1.9.0)
    psych (5.3.1)
      date
      stringio
    public_suffix (7.0.5)
    puma (8.0.1)
      nio4r (~> 2.0)
    racc (1.8.1)
    rack (2.2.23)
    rack-protection (2.2.4)
      rack
    rack-test (2.1.0)
      rack (>= 1.3)
    rainbow (3.1.1)
    rake (13.4.2)
    rdf (3.3.4)
      bcp47_spec (~> 0.2)
      bigdecimal (~> 3.1, >= 3.1.5)
      link_header (~> 0.0, >= 0.0.8)
      logger (~> 1.5)
      ostruct (~> 0.6)
      readline (~> 0.0)
    rdf-aggregate-repo (3.3.0)
      rdf (~> 3.3)
    rdf-hamster-repo (3.3.0)
      hamster (~> 3.0)
      rdf (~> 3.3)
    rdf-isomorphic (3.3.0)
      rdf (~> 3.3)
    rdf-json (3.3.0)
      rdf (~> 3.3)
    rdf-microdata (3.3.0)
      htmlentities (~> 4.3)
      nokogiri (~> 1.15, >= 1.15.4)
      rdf (~> 3.3)
      rdf-rdfa (~> 3.3)
      rdf-xsd (~> 3.3)
    rdf-n3 (3.3.1)
      ebnf (~> 2.5)
      rdf (~> 3.3)
      sparql (~> 3.3)
      sxp (~> 2.0)
    rdf-normalize (0.7.0)
      rdf (~> 3.3)
    rdf-ordered-repo (3.3.0)
      rdf (~> 3.3)
    rdf-raptor (3.2.0)
      ffi (~> 1.15)
      rdf (~> 3.2)
    rdf-rdfa (3.3.0)
      haml (~> 6.1)
      htmlentities (~> 4.3)
      rdf (~> 3.3)
      rdf-aggregate-repo (~> 3.3)
      rdf-vocab (~> 3.3)
      rdf-xsd (~> 3.3)
    rdf-rdfxml (3.3.0)
      builder (~> 3.2, >= 3.2.4)
      htmlentities (~> 4.3)
      rdf (~> 3.3)
      rdf-xsd (~> 3.3)
    rdf-reasoner (0.9.0)
      rdf (~> 3.3)
      rdf-xsd (~> 3.3)
    rdf-tabular (3.3.0)
      addressable (~> 2.8)
      bcp47_spec (~> 0.2)
      json-ld (~> 3.3)
      rdf (~> 3.3)
      rdf-vocab (~> 3.3)
      rdf-xsd (~> 3.3)
    rdf-trig (3.3.0)
      ebnf (~> 2.4)
      rdf (~> 3.3)
      rdf-turtle (~> 3.3)
    rdf-trix (3.3.0)
      rdf (~> 3.3)
      rdf-xsd (~> 3.3)
    rdf-turtle (3.3.1)
      base64 (~> 0.2)
      bigdecimal (~> 3.1, >= 3.1.5)
      ebnf (~> 2.5)
      rdf (~> 3.3)
    rdf-vocab (3.3.3)
      rdf (~> 3.3)
    rdf-xsd (3.3.0)
      rdf (~> 3.3)
      rexml (~> 3.2)
    readline (0.0.4)
      reline
    regexp_parser (2.12.0)
    reline (0.6.3)
      io-console (~> 0.5)
    require_all (3.0.0)
    rest-client (2.1.0)
      http-accept (>= 1.7.0, < 2.0)
      http-cookie (>= 1.0.2, < 2.0)
      mime-types (>= 1.16, < 4.0)
      netrc (~> 0.8)
    rexml (3.4.4)
    ripl (0.7.1)
      bond (~> 0.5.1)
    ripl-multi_line (0.3.1)
      ripl (>= 0.3.6)
    ripl-rack (0.2.0)
      rack (>= 1.0)
      rack-test (>= 0.5)
      ripl (>= 0.3.5)
    rspec (3.13.2)
      rspec-core (~> 3.13.0)
      rspec-expectations (~> 3.13.0)
      rspec-mocks (~> 3.13.0)
    rspec-core (3.13.6)
      rspec-support (~> 3.13.0)
    rspec-expectations (3.13.5)
      diff-lcs (>= 1.2.0, < 2.0)
      rspec-support (~> 3.13.0)
    rspec-mocks (3.13.8)
      diff-lcs (>= 1.2.0, < 2.0)
      rspec-support (~> 3.13.0)
    rspec-support (3.13.7)
    rubocop (1.86.1)
      json (~> 2.3)
      language_server-protocol (~> 3.17.0.2)
      lint_roller (~> 1.1.0)
      parallel (>= 1.10)
      parser (>= 3.3.0.2)
      rainbow (>= 2.2.2, < 4.0)
      regexp_parser (>= 2.9.3, < 3.0)
      rubocop-ast (>= 1.49.0, < 2.0)
      ruby-progressbar (~> 1.7)
      unicode-display_width (>= 2.4.0, < 4.0)
    rubocop-ast (1.49.1)
      parser (>= 3.3.7.2)
      prism (~> 1.7)
    ruby-progressbar (1.13.0)
    ruby2_keywords (0.0.5)
    safe_yaml (1.0.5)
    scanf (1.0.0)
    shacl (0.4.3)
      json-ld (~> 3.3)
      rdf (~> 3.3)
      sparql (~> 3.3)
      sxp (~> 2.0)
    shex (0.8.1)
      ebnf (~> 2.5)
      htmlentities (~> 4.3)
      json-ld (~> 3.3)
      json-ld-preloaded (~> 3.3)
      rdf (~> 3.3)
      rdf-xsd (~> 3.3)
      sparql (~> 3.3)
      sxp (~> 2.0)
    shotgun (0.9.2)
      rack (>= 1.0)
    simplecov (0.22.0)
      docile (~> 1.1)
      simplecov-html (~> 0.11)
      simplecov_json_formatter (~> 0.1)
    simplecov-html (0.13.2)
    simplecov_json_formatter (0.1.4)
    sinatra (2.2.4)
      mustermann (~> 2.0)
      rack (~> 2.2)
      rack-protection (= 2.2.4)
      tilt (~> 2.0)
    sinatra-cross_origin (0.4.0)
    sparql (3.3.2)
      builder (~> 3.2, >= 3.2.4)
      ebnf (~> 2.5)
      logger (~> 1.5)
      rdf (~> 3.3)
      rdf-aggregate-repo (~> 3.3)
      rdf-xsd (~> 3.3)
      readline (~> 0.0)
      sparql-client (~> 3.3)
      sxp (~> 2.0)
    sparql-client (3.3.0)
      net-http-persistent (~> 4.0, >= 4.0.2)
      rdf (~> 3.3)
    stringio (3.2.0)
    swagger-blocks (3.0.0)
    sxp (2.0.0)
      matrix (~> 0.4)
      rdf (~> 3.3)
    temple (0.10.4)
    thor (1.5.0)
    tilt (2.7.0)
    triple_easy (0.1.0)
    tux (0.3.0)
      ripl (>= 0.3.5)
      ripl-multi_line (>= 0.2.4)
      ripl-rack (>= 0.2.0)
      sinatra (>= 1.2.1)
    unicode-display_width (3.2.0)
      unicode-emoji (~> 4.1)
    unicode-emoji (4.2.0)
    unicode-types (1.11.0)
    uri (1.1.1)
    webmock (3.26.2)
      addressable (>= 2.8.0)
      crack (>= 0.3.2)
      hashdiff (>= 0.4.0, < 2.0.0)
    xml-simple (1.1.9)
      rexml
    yaml-ld (0.0.3)
      json-ld (~> 3.3)
      psych (>= 3.3)
      rdf (~> 3.3)
      rdf-xsd (~> 3.3)

PLATFORMS
  aarch64-linux-gnu
  aarch64-linux-musl
  arm-linux-gnu
  arm-linux-musl
  arm64-darwin
  x86_64-darwin
  x86_64-linux-gnu
  x86_64-linux-musl

DEPENDENCIES
  base64 (~> 0.3.0)
  bcrypt
  dotenv (~> 2.8)
  fair_champion_harvester (~> 0.1.8)
  ftr_ruby (~> 0.1.10)
  http (~> 6.0)
  json (~> 2.7.1)
  json-canonicalization (~> 1.0.0)
  jsonpath (~> 1.1)
  linkeddata (~> 3.2.0)
  metainspector (~> 5.11.2)
  openapi3_parser (~> 0.9.2)
  parseconfig (~> 1.1.2)
  puma
  rack-test (~> 2.1.0)
  rake (~> 13.0)
  rdf-raptor
  rdf-vocab
  require_all (~> 3.0.0)
  rest-client (~> 2.1.0)
  rspec (~> 3.13.1)
  rubocop
  shotgun
  simplecov (~> 0.22.0)
  sinatra (~> 2.2)
  sinatra-cross_origin
  swagger-blocks (~> 3.0.0)
  triple_easy (~> 0.1.0)
  tux
  webmock (~> 3.18)
  xml-simple (~> 1.1.8)

CHECKSUMS
  addressable (2.9.0) sha256=7fdf6ac3660f7f4e867a0838be3f6cf722ace541dd97767fa42bc6cfa980c7af
  ast (2.4.3) sha256=954615157c1d6a382bc27d690d973195e79db7f55e9765ac7c481c60bdb4d383
  base64 (0.3.0) sha256=27337aeabad6ffae05c265c450490628ef3ebd4b67be58257393227588f5a97b
  bcp47_spec (0.2.1) sha256=3fd62edf96c126bd9624e4319ac74082a966081859d1ee0ef3c3041640a37810
  bcrypt (3.1.22) sha256=1f0072e88c2d705d94aff7f2c5cb02eb3f1ec4b8368671e19112527489f29032
  bigdecimal (3.3.1) sha256=eaa01e228be54c4f9f53bf3cc34fe3d5e845c31963e7fcc5bedb05a4e7d52218
  bond (0.5.1) sha256=20710d17b16609b0dfbde9d828964b5eadb565513dbb68fb13d44f4d988b29e4
  builder (3.3.0) sha256=497918d2f9dca528fdca4b88d84e4ef4387256d984b8154e9d5d3fe5a9c8835f
  commonmarker (0.23.12) sha256=da2d2f89c7c7b51c42c6e69ace3ab5df39497683f86e83aca7087c671d523ccd
  concurrent-ruby (1.3.6) sha256=6b56837e1e7e5292f9864f34b69c5a2cbc75c0cf5338f1ce9903d10fa762d5ab
  connection_pool (2.5.5) sha256=e54ff92855753df1fd7c59fa04a398833355f27dd14c074f8c83a05f72a716ad
  crack (1.0.1) sha256=ff4a10390cd31d66440b7524eb1841874db86201d5b70032028553130b6d4c7e
  date (3.5.1) sha256=750d06384d7b9c15d562c76291407d89e368dda4d4fff957eb94962d325a0dc0
  diff-lcs (1.6.2) sha256=9ae0d2cba7d4df3075fe8cd8602a8604993efc0dfa934cff568969efb1909962
  docile (1.4.1) sha256=96159be799bfa73cdb721b840e9802126e4e03dfc26863db73647204c727f21e
  domain_name (0.6.20240107) sha256=5f693b2215708476517479bf2b3802e49068ad82167bcd2286f899536a17d933
  dotenv (2.8.1) sha256=c5944793349ae03c432e1780a2ca929d60b88c7d14d52d630db0508c3a8a17d8
  ebnf (2.6.0) sha256=e746a316caa885cc45e243dc33efc194943956760bc9bc13948de1732fbcf63e
  fair_champion_harvester (0.1.8) sha256=4e34e61040baeec779ba594d952a92ec5b27baab5c1a94d062e9404857e0898b
  faraday (1.10.5) sha256=b144f1d2b045652fa820b5f532723e1643cc28b93dae911d784e5c5f88e8f6ed
  faraday-cookie_jar (0.0.8) sha256=0140605823f8cc63c7028fccee486aaed8e54835c360cffc1f7c8c07c4299dbb
  faraday-em_http (1.0.0) sha256=7a3d4c7079789121054f57e08cd4ef7e40ad1549b63101f38c7093a9d6c59689
  faraday-em_synchrony (1.0.1) sha256=bf3ce45dcf543088d319ab051f80985ea6d294930635b7a0b966563179f81750
  faraday-encoding (0.0.6) sha256=d7b9216c8ce26d0deb96c865524fd9d6cbe27a9f884b75697c87110196274654
  faraday-excon (1.1.0) sha256=b055c842376734d7f74350fe8611542ae2000c5387348d9ba9708109d6e40940
  faraday-http-cache (2.7.0) sha256=cd7ac4bbe6c08592ea7af6655f98b2f76c4db0bad31bf40340df5aad719f0d89
  faraday-httpclient (1.0.1) sha256=4c8ff1f0973ff835be8d043ef16aaf54f47f25b7578f6d916deee8399a04d33b
  faraday-multipart (1.2.0) sha256=7d89a949693714176f612323ca13746a2ded204031a6ba528adee788694ef757
  faraday-net_http (1.0.2) sha256=63992efea42c925a20818cf3c0830947948541fdcf345842755510d266e4c682
  faraday-net_http_persistent (1.2.0) sha256=0b0cbc8f03dab943c3e1cc58d8b7beb142d9df068b39c718cd83e39260348335
  faraday-patron (1.0.0) sha256=dc2cd7b340bb3cc8e36bcb9e6e7eff43d134b6d526d5f3429c7a7680ddd38fa7
  faraday-rack (1.0.0) sha256=ef60ec969a2bb95b8dbf24400155aee64a00fc8ba6c6a4d3968562bcc92328c0
  faraday-retry (1.0.4) sha256=dc659233777fabf96c69c2ffe56c0a5d2c102af90321a42cc6c90157bcd716aa
  faraday_middleware (1.2.1) sha256=d45b78c8ee864c4783fbc276f845243d4a7918a67301c052647bacabec0529e9
  fastimage (2.4.1) sha256=c64bebd46b6fd8943ab70c1e6e85ff728f970f2e48f92ecd249b6bc3a540ad20
  ffi (1.17.4-aarch64-linux-gnu) sha256=b208f06f91ffd8f5e1193da3cae3d2ccfc27fc36fba577baf698d26d91c080df
  ffi (1.17.4-aarch64-linux-musl) sha256=9286b7a615f2676245283aef0a0a3b475ae3aae2bb5448baace630bb77b91f39
  ffi (1.17.4-arm-linux-gnu) sha256=d6dbddf7cb77bf955411af5f187a65b8cd378cb003c15c05697f5feee1cb1564
  ffi (1.17.4-arm-linux-musl) sha256=9d4838ded0465bef6e2426935f6bcc93134b6616785a84ffd2a3d82bc3cf6f95
  ffi (1.17.4-arm64-darwin) sha256=19071aaf1419251b0a46852abf960e77330a3b334d13a4ab51d58b31a937001b
  ffi (1.17.4-x86_64-darwin) sha256=aa70390523cf3235096cf64962b709b4cfbd5c082a2cb2ae714eb0fe2ccda496
  ffi (1.17.4-x86_64-linux-gnu) sha256=9d3db14c2eae074b382fa9c083fe95aec6e0a1451da249eab096c34002bc752d
  ffi (1.17.4-x86_64-linux-musl) sha256=3fdf9888483de005f8ef8d1cf2d3b20d86626af206cbf780f6a6a12439a9c49e
  ftr_ruby (0.1.10) sha256=f7468044bc9b3d689a13ae6c7efe55cb66959b68969f05a16c8221d670297c70
  haml (6.4.0) sha256=b2e20652be52ac9a3be328e8ff411ad007e82fc4e78e1a5cdefad537a697cf6a
  hamster (3.0.0) sha256=5951e3a3ffd15ba854a976ac36ebae9469966f726034ffed0dccdb6d12d434d8
  hashdiff (1.2.1) sha256=9c079dbc513dfc8833ab59c0c2d8f230fa28499cc5efb4b8dd276cf931457cd1
  htmlentities (4.4.2) sha256=bbafbdf69f2eca9262be4efef7e43e6a1de54c95eb600f26984f71d2fe96c5c3
  http (6.0.3) sha256=0206e79131089ca9aae557c6791afd6bf9339af319d78a616af1477ae79614fa
  http-accept (1.7.0) sha256=c626860682bfbb3b46462f8c39cd470fd7b0584f61b3cc9df5b2e9eb9972a126
  http-cookie (1.1.6) sha256=ba4b82be64de61dc281243dac70e3c382c45142f20268ed9276a3670c93feaa9
  io-console (0.8.2) sha256=d6e3ae7a7cc7574f4b8893b4fca2162e57a825b223a177b7afa236c5ef9814cc
  json (2.7.6) sha256=2d9aba03af3167401e8cf8de50daed5b5aec5b5a622f15c4b7ce2fd8d49a070f
  json-canonicalization (1.0.0) sha256=d4848a8cca7534455c6721f2d9fc9e5e9adca49486864a898810024f67d59446
  json-ld (3.3.2) sha256=b9531893bf5bdc01db428e96953845a23adb1097125ce918ae0f97c4a6e1ab27
  json-ld-preloaded (3.3.2) sha256=46294327eaf3bf95d48877222a70dd79740917adff94d5f0d380a4c492131ee1
  jsonpath (1.1.5) sha256=29f70467193a2dc93ab864ec3d3326d54267961acc623f487340eb9c34931dbe
  language_server-protocol (3.17.0.5) sha256=fd1e39a51a28bf3eec959379985a72e296e9f9acfce46f6a79d31ca8760803cc
  ld-patch (3.3.1) sha256=e663fca96ef2b7cbe25d2b5fe257d17984d28b64cb475d50943eebbb5c05dc51
  link_header (0.0.8) sha256=15c65ce43b29f739b30d05e5f25c22c23797e89cf6f905dbb595fb4c70cb55f9
  linkeddata (3.2.2) sha256=c5e02d6fd08c59dbe035705087a7cba757841df0e093b036d797a49202401bd1
  lint_roller (1.1.0) sha256=2c0c845b632a7d172cb849cc90c1bce937a28c5c8ccccb50dfd46a485003cc87
  llhttp (0.6.1) sha256=9da187ecf6407265465919cc0d691210ef79e38fa6e86e5e45593bdf25b50146
  logger (1.7.0) sha256=196edec7cc44b66cfb40f9755ce11b392f21f7967696af15d274dde7edff0203
  matrix (0.4.3) sha256=a0d5ab7ddcc1973ff690ab361b67f359acbb16958d1dc072b8b956a286564c5b
  metainspector (5.11.2) sha256=514c96b306688ef7bd392f1b86882d05f21253810b84f187673194607533a1a8
  mime-types (3.7.0) sha256=dcebf61c246f08e15a4de34e386ebe8233791e868564a470c3fe77c00eed5e56
  mime-types-data (3.2026.0414) sha256=461c4c655373a44bd6c5fe54bcf5b7776026ea96e808144b1ec465c4b99148cc
  multi_json (1.21.1) sha256=e6126a31808e3b4d19f483c775ceac34df190dffa62adfb63a165ee14ba68080
  multipart-post (2.4.1) sha256=9872d03a8e552020ca096adadbf5e3cb1cd1cdd6acd3c161136b8a5737cdb4a8
  mustermann (2.0.2) sha256=cbe651b6c039e4cefa635b8087398ff59d74f83591064926cc62d37ac4c7e054
  nesty (1.0.2) sha256=1c6ee90b96d46d6dfad9ca1b91104e57c0f46dd24f2a186406026eb75833498b
  net-http-persistent (4.0.8) sha256=ef3de8319d691537b329053fae3a33195f8b070bbbfae8bf1a58c796081960e6
  netrc (0.11.0) sha256=de1ce33da8c99ab1d97871726cba75151113f117146becbe45aa85cb3dabee3f
  nio4r (2.7.5) sha256=6c90168e48fb5f8e768419c93abb94ba2b892a1d0602cb06eef16d8b7df1dca1
  nokogiri (1.18.10-aarch64-linux-gnu) sha256=7fb87235d729c74a2be635376d82b1d459230cc17c50300f8e4fcaabc6195344
  nokogiri (1.18.10-aarch64-linux-musl) sha256=7e74e58314297cc8a8f1b533f7212d1999dbe2639a9ee6d97b483ea2acc18944
  nokogiri (1.18.10-arm-linux-gnu) sha256=51f4f25ab5d5ba1012d6b16aad96b840a10b067b93f35af6a55a2c104a7ee322
  nokogiri (1.18.10-arm-linux-musl) sha256=1c6ea754e51cecc85c30ee8ab1e6aa4ce6b6e134d01717e9290e79374a9e00aa
  nokogiri (1.18.10-arm64-darwin) sha256=c2b0de30770f50b92c9323fa34a4e1cf5a0af322afcacd239cd66ee1c1b22c85
  nokogiri (1.18.10-x86_64-darwin) sha256=536e74bed6db2b5076769cab5e5f5af0cd1dccbbd75f1b3e1fa69d1f5c2d79e2
  nokogiri (1.18.10-x86_64-linux-gnu) sha256=ff5ba26ba2dbce5c04b9ea200777fd225061d7a3930548806f31db907e500f72
  nokogiri (1.18.10-x86_64-linux-musl) sha256=0651fccf8c2ebbc2475c8b1dfd7ccac3a0a6d09f8a41b72db8c21808cb483385
  openapi3_parser (0.9.2) sha256=1b0ea6409ebe7d4834705d1ad09a2370e3a364b6485b5acc3a7965f0dc4bdb69
  ostruct (0.6.3) sha256=95a2ed4a4bd1d190784e666b47b2d3f078e4a9efda2fccf18f84ddc6538ed912
  parallel (1.28.0) sha256=33e6de1484baf2524792d178b0913fc8eb94c628d6cfe45599ad4458c638c970
  parseconfig (1.1.2) sha256=e52247d15070fb47f9e58f44f7888d1e7f65775274cd60f9ab4b7acd7943b291
  parser (3.3.11.1) sha256=d17ace7aabe3e72c3cc94043714be27cc6f852f104d81aa284c2281aecc65d54
  prism (1.9.0) sha256=7b530c6a9f92c24300014919c9dcbc055bf4cdf51ec30aed099b06cd6674ef85
  psych (5.3.1) sha256=eb7a57cef10c9d70173ff74e739d843ac3b2c019a003de48447b2963d81b1974
  public_suffix (7.0.5) sha256=1a8bb08f1bbea19228d3bed6e5ed908d1cb4f7c2726d18bd9cadf60bc676f623
  puma (8.0.1) sha256=7b94e50c07655718c1fb8ae41a11fc06c7d61293208b3aa608ff71a46d3ad37c
  racc (1.8.1) sha256=4a7f6929691dbec8b5209a0b373bc2614882b55fc5d2e447a21aaa691303d62f
  rack (2.2.23) sha256=a8fe9d7e07064770b8ec123663fded8a59ef7e2b6db5cda7173d45a5718ab69c
  rack-protection (2.2.4) sha256=82663dceaacffadd31a2936fdead448b8fd8e324891d52c38b2482faa2ced1b4
  rack-test (2.1.0) sha256=0c61fc61904049d691922ea4bb99e28004ed3f43aa5cfd495024cc345f125dfb
  rainbow (3.1.1) sha256=039491aa3a89f42efa1d6dec2fc4e62ede96eb6acd95e52f1ad581182b79bc6a
  rake (13.4.2) sha256=cb825b2bd5f1f8e91ca37bddb4b9aaf345551b4731da62949be002fa89283701
  rdf (3.3.4) sha256=a77fa0821e5b4e2bea9fdbb7c9d980564c89d27e81979690ce5c9e6bc80859c1
  rdf-aggregate-repo (3.3.0) sha256=5693ccabf4dbbec7113c95e9aab028311f19d6022764fdebc6327f9d55a9efdc
  rdf-hamster-repo (3.3.0) sha256=8a57d321d0c8bfb1eac7c47fd5b569e9c5fb7bb92bf9b78c102d58125dd1099a
  rdf-isomorphic (3.3.0) sha256=1247bbd372f4d10d4fa13a40a23a44867bcb0fa4f7a01927191ea3cadad0af2c
  rdf-json (3.3.0) sha256=80050bb97ec06108fc53d7ada777bceec06196ca7f0642ceeaf38b20a9b0addd
  rdf-microdata (3.3.0) sha256=daaaf3f947ecce1c3e94aa5fed5f5c38ebea4070670d4e9600c156c631c25c3e
  rdf-n3 (3.3.1) sha256=3030d185823422ee3249a826aa5b8c96281b4728a36f2061fb8b4f070c738f73
  rdf-normalize (0.7.0) sha256=92374497dddb61c2910b50bfc12bb0ace33dcf23c8edbd0e0f78fd4acf839ebe
  rdf-ordered-repo (3.3.0) sha256=551b7f22f258e807f329f0071625ed1c22fc3b29080078a1f678be6c2749f93a
  rdf-raptor (3.2.0) sha256=43033ca3992b7dbefd5c2464997bd85bdd06961432db94645d4436ffd43bf405
  rdf-rdfa (3.3.0) sha256=5770deb6da628b04b22a097269919897a0092c44250bbf5f22be4fabdc5ef71b
  rdf-rdfxml (3.3.0) sha256=11647f6111b97b6a9b82413bd9810d4bb5524aa7dd06b3c1330bf58ec3aa6a9a
  rdf-reasoner (0.9.0) sha256=227cca0008ed2e99b0a27e05f919af14b2516dfcac5544f159e10cacc69c1a2b
  rdf-tabular (3.3.0) sha256=560fe8248687a6142267f437f1c98df8fb427e47f91c9a7cd430ab5f461b4d23
  rdf-trig (3.3.0) sha256=3a22bc433f1042ff655c7dbbf95a69a4d85fbc3df386d7e7e52d834a18166c3f
  rdf-trix (3.3.0) sha256=9817b4165bcb8d6ebb5acd9f3c495e93fdd455ab488071d50bbce5c7a61f8f4b
  rdf-turtle (3.3.1) sha256=baf3be89977a2e7abb4f9a088f24918ca6223dcfa1483979991ab7996da73647
  rdf-vocab (3.3.3) sha256=d3b642edb37be7b37b73cafa9e01d55762f99292838e7b0868a3575bd297bf8b
  rdf-xsd (3.3.0) sha256=fab51d27b20344237d9b622ef32e83e4c44940840bfc76a245ce6b6abba44772
  readline (0.0.4) sha256=6138eef17be2b98298b672c3ea63bf9cb5158d401324f26e1e84f235879c1d6a
  regexp_parser (2.12.0) sha256=35a916a1d63190ab5c9009457136ae5f3c0c7512d60291d0d1378ba18ce08ebb
  reline (0.6.3) sha256=1198b04973565b36ec0f11542ab3f5cfeeec34823f4e54cebde90968092b1835
  require_all (3.0.0) sha256=937853faa2833388eab551107bf7bf87c6bba6b4800bac5ce469eda7b6a9fed0
  rest-client (2.1.0) sha256=35a6400bdb14fae28596618e312776c158f7ebbb0ccad752ff4fa142bf2747e3
  rexml (3.4.4) sha256=19e0a2c3425dfbf2d4fc1189747bdb2f849b6c5e74180401b15734bc97b5d142
  ripl (0.7.1) sha256=cf781cf15f76c46943e15fa8af843eedc89157849b92d9597f83523ab70f0c5a
  ripl-multi_line (0.3.1) sha256=41449cd7b686ac21f59894ce51502e799a484a3916e4ed893df60eab852f1bff
  ripl-rack (0.2.0) sha256=e6e9842692f04ba37af47f1c772525da49893ac0c83894fb53ea12c9c8fbd2ba
  rspec (3.13.2) sha256=206284a08ad798e61f86d7ca3e376718d52c0bc944626b2349266f239f820587
  rspec-core (3.13.6) sha256=a8823c6411667b60a8bca135364351dda34cd55e44ff94c4be4633b37d828b2d
  rspec-expectations (3.13.5) sha256=33a4d3a1d95060aea4c94e9f237030a8f9eae5615e9bd85718fe3a09e4b58836
  rspec-mocks (3.13.8) sha256=086ad3d3d17533f4237643de0b5c42f04b66348c28bf6b9c2d3f4a3b01af1d47
  rspec-support (3.13.7) sha256=0640e5570872aafefd79867901deeeeb40b0c9875a36b983d85f54fb7381c47c
  rubocop (1.86.1) sha256=44415f3f01d01a21e01132248d2fd0867572475b566ca188a0a42133a08d4531
  rubocop-ast (1.49.1) sha256=4412f3ee70f6fe4546cc489548e0f6fcf76cafcfa80fa03af67098ffed755035
  ruby-progressbar (1.13.0) sha256=80fc9c47a9b640d6834e0dc7b3c94c9df37f08cb072b7761e4a71e22cff29b33
  ruby2_keywords (0.0.5) sha256=ffd13740c573b7301cf7a2e61fc857b2a8e3d3aff32545d6f8300d8bae10e3ef
  safe_yaml (1.0.5) sha256=a6ac2d64b7eb027bdeeca1851fe7e7af0d668e133e8a88066a0c6f7087d9f848
  scanf (1.0.0) sha256=533db7f7e5acafea1a145d6c5329cef667a58fbcb7d64379a808ff1199ee1b00
  shacl (0.4.3) sha256=5e907d384d9883edf96264866de788e3340976579944bc8e01e61b76189a7fb8
  shex (0.8.1) sha256=d07c0043302f9eed5f9f5af81e9786be74dde5e3065ea7932790f33253bfced6
  shotgun (0.9.2) sha256=4ef19e63f98c620272666c98fa63e1e733c880b2ac112ac31578918fa2670411
  simplecov (0.22.0) sha256=fe2622c7834ff23b98066bb0a854284b2729a569ac659f82621fc22ef36213a5
  simplecov-html (0.13.2) sha256=bd0b8e54e7c2d7685927e8d6286466359b6f16b18cb0df47b508e8d73c777246
  simplecov_json_formatter (0.1.4) sha256=529418fbe8de1713ac2b2d612aa3daa56d316975d307244399fa4838c601b428
  sinatra (2.2.4) sha256=3e31e9f7ffc89ce3fdd7770c9a4183150d76b6bdcc7322cf38f84303d3016c72
  sinatra-cross_origin (0.4.0) sha256=97cd2fe153413df0f13f2b3bafe00c677045fdaa90f4d96d76e7e269baf296bb
  sparql (3.3.2) sha256=20d73a62801fd6d03c834ca5012c11aaf6594ef536f554e92fd94bf9b3ed64dc
  sparql-client (3.3.0) sha256=71225eefad48dc2baab6b7008df8a9bcfffa833e5f25387dbe87ff52a5cad64e
  stringio (3.2.0) sha256=c37cb2e58b4ffbd33fe5cd948c05934af997b36e0b6ca6fdf43afa234cf222e1
  swagger-blocks (3.0.0) sha256=130938b62daf6faad3d00f6c60ebae20411619871f478cc14a265f127579cc2f
  sxp (2.0.0) sha256=79971bbab54a82fe4a861332475eb8c1f33142d70f2b7e830dacbd9082824721
  temple (0.10.4) sha256=b7a1e94b6f09038ab0b6e4fe0126996055da2c38bec53a8a336f075748fff72c
  thor (1.5.0) sha256=e3a9e55fe857e44859ce104a84675ab6e8cd59c650a49106a05f55f136425e73
  tilt (2.7.0) sha256=0d5b9ba69f6a36490c64b0eee9f6e9aad517e20dcc848800a06eb116f08c6ab3
  triple_easy (0.1.0) sha256=3a196210fd505fa98ff5aa58348e62775f454a5f419eff4ec46f3b09666512ff
  tux (0.3.0) sha256=38edadc93fa519381a09cfca5b2b25a668c02cfca1d2fd3cdf4cd696fb750d55
  unicode-display_width (3.2.0) sha256=0cdd96b5681a5949cdbc2c55e7b420facae74c4aaf9a9815eee1087cb1853c42
  unicode-emoji (4.2.0) sha256=519e69150f75652e40bf736106cfbc8f0f73aa3fb6a65afe62fefa7f80b0f80f
  unicode-types (1.11.0) sha256=81d1201273260fa89b85471e7eebb93a51bb4e5f078a525508dcae7835d176f9
  uri (1.1.1) sha256=379fa58d27ffb1387eaada68c749d1426738bd0f654d812fcc07e7568f5c57c6
  webmock (3.26.2) sha256=774556f2ea6371846cca68c01769b2eac0d134492d21f6d0ab5dd643965a4c90
  xml-simple (1.1.9) sha256=d21131e519c86f1a5bc2b6d2d57d46e6998e47f18ed249b25cad86433dbd695d
  yaml-ld (0.0.3) sha256=2934e06ef651337bf4c5d78e6a22007e0c46f1215c19dc024816c1fa82b971d1

BUNDLED WITH
  4.0.9
